
Microsoft Visual Studio Solution File, Format Version 12.00
# Visual Studio 15
VisualStudioVersion = 15.0.26906.1
MinimumVisualStudioVersion = 15.0.26124.0
Project("{2150E333-8FDC-42A3-9474-1A3956D46DE8}") = "src", "src", "{16DD2E34-522D-4E74-AC97-E5F447EBC6A8}"
EndProject
Project("{9A19103F-16F7-4668-BE54-9A1E7A4F7556}") = "Vacuum.Core", "src\Vacuum.Core\Vacuum.Core.csproj", "{8197A76E-6417-4A63-B7B5-33CE671F4E4F}"
EndProject
Project("{2150E333-8FDC-42A3-9474-1A3956D46DE8}") = "Solution Items", "Solution Items", "{25D51D77-E160-46D3-A43C-579DCD5F781F}"
	ProjectSection(SolutionItems) = preProject
		.EditorConfig = .EditorConfig
		NuGet.Config = NuGet.Config
	EndProjectSection
EndProject
Project("{9A19103F-16F7-4668-BE54-9A1E7A4F7556}") = "Vacuum.Host", "src\Vacuum.Host\Vacuum.Host.csproj", "{3B8A56BD-62A7-4CA8-8B0E-B67E2DE4FDC2}"
EndProject
Global
	GlobalSection(SolutionConfigurationPlatforms) = preSolution
		Debug|Any CPU = Debug|Any CPU
		Debug|x64 = Debug|x64
		Debug|x86 = Debug|x86
		Release|Any CPU = Release|Any CPU
		Release|x64 = Release|x64
		Release|x86 = Release|x86
	EndGlobalSection
	GlobalSection(ProjectConfigurationPlatforms) = postSolution
		{8197A76E-6417-4A63-B7B5-33CE671F4E4F}.Debug|Any CPU.ActiveCfg = Debug|Any CPU
		{8197A76E-6417-4A63-B7B5-33CE671F4E4F}.Debug|Any CPU.Build.0 = Debug|Any CPU
		{8197A76E-6417-4A63-B7B5-33CE671F4E4F}.Debug|x64.ActiveCfg = Debug|Any CPU
		{8197A76E-6417-4A63-B7B5-33CE671F4E4F}.Debug|x64.Build.0 = Debug|Any CPU
		{8197A76E-6417-4A63-B7B5-33CE671F4E4F}.Debug|x86.ActiveCfg = Debug|Any CPU
		{8197A76E-6417-4A63-B7B5-33CE671F4E4F}.Debug|x86.Build.0 = Debug|Any CPU
		{8197A76E-6417-4A63-B7B5-33CE671F4E4F}.Release|Any CPU.ActiveCfg = Release|Any CPU
		{8197A76E-6417-4A63-B7B5-33CE671F4E4F}.Release|Any CPU.Build.0 = Release|Any CPU
		{8197A76E-6417-4A63-B7B5-33CE671F4E4F}.Release|x64.ActiveCfg = Release|Any CPU
		{8197A76E-6417-4A63-B7B5-33CE671F4E4F}.Release|x64.Build.0 = Release|Any CPU
		{8197A76E-6417-4A63-B7B5-33CE671F4E4F}.Release|x86.ActiveCfg = Release|Any CPU
		{8197A76E-6417-4A63-B7B5-33CE671F4E4F}.Release|x86.Build.0 = Release|Any CPU
		{3B8A56BD-62A7-4CA8-8B0E-B67E2DE4FDC2}.Debug|Any CPU.ActiveCfg = Debug|Any CPU
		{3B8A56BD-62A7-4CA8-8B0E-B67E2DE4FDC2}.Debug|Any CPU.Build.0 = Debug|Any CPU
		{3B8A56BD-62A7-4CA8-8B0E-B67E2DE4FDC2}.Debug|x64.ActiveCfg = Debug|Any CPU
		{3B8A56BD-62A7-4CA8-8B0E-B67E2DE4FDC2}.Debug|x64.Build.0 = Debug|Any CPU
		{3B8A56BD-62A7-4CA8-8B0E-B67E2DE4FDC2}.Debug|x86.ActiveCfg = Debug|Any CPU
		{3B8A56BD-62A7-4CA8-8B0E-B67E2DE4FDC2}.Debug|x86.Build.0 = Debug|Any CPU
		{3B8A56BD-62A7-4CA8-8B0E-B67E2DE4FDC2}.Release|Any CPU.ActiveCfg = Release|Any CPU
		{3B8A56BD-62A7-4CA8-8B0E-B67E2DE4FDC2}.Release|Any CPU.Build.0 = Release|Any CPU
		{3B8A56BD-62A7-4CA8-8B0E-B67E2DE4FDC2}.Release|x64.ActiveCfg = Release|Any CPU
		{3B8A56BD-62A7-4CA8-8B0E-B67E2DE4FDC2}.Release|x64.Build.0 = Release|Any CPU
		{3B8A56BD-62A7-4CA8-8B0E-B67E2DE4FDC2}.Release|x86.ActiveCfg = Release|Any CPU
		{3B8A56BD-62A7-4CA8-8B0E-B67E2DE4FDC2}.Release|x86.Build.0 = Release|Any CPU
	EndGlobalSection
	GlobalSection(SolutionProperties) = preSolution
		HideSolutionNode = FALSE
	EndGlobalSection
	GlobalSection(NestedProjects) = preSolution
		{8197A76E-6417-4A63-B7B5-33CE671F4E4F} = {16DD2E34-522D-4E74-AC97-E5F447EBC6A8}
		{3B8A56BD-62A7-4CA8-8B0E-B67E2DE4FDC2} = {16DD2E34-522D-4E74-AC97-E5F447EBC6A8}
	EndGlobalSection
	GlobalSection(ExtensibilityGlobals) = postSolution
		SolutionGuid = {A08936A2-BFAE-4A21-8FF1-3FBFF8C4A092}
	EndGlobalSection
EndGlobal
